
Microsoft Visual Studio Solution File, Format Version 12.00
# Visual Studio Version 17
VisualStudioVersion = 17.2.32210.308
MinimumVisualStudioVersion = 10.0.40219.1
Project("{FAE04EC0-301F-11D3-BF4B-00C04F79EFBC}") = "TextReplicator", "TextReplicator\TextReplicator.csproj", "{A96F8F08-208C-4F8B-BABB-A2A6CEAA6423}"
EndProject
Global
	GlobalSection(SolutionConfigurationPlatforms) = preSolution
		Debug|Any CPU = Debug|Any CPU
		Release|Any CPU = Release|Any CPU
	EndGlobalSection
	GlobalSection(ProjectConfigurationPlatforms) = postSolution
		{A96F8F08-208C-4F8B-BABB-A2A6CEAA6423}.Debug|Any CPU.ActiveCfg = Debug|Any CPU
		{A96F8F08-208C-4F8B-BABB-A2A6CEAA6423}.Debug|Any CPU.Build.0 = Debug|Any CPU
		{A96F8F08-208C-4F8B-BABB-A2A6CEAA6423}.Release|Any CPU.ActiveCfg = Release|Any CPU
		{A96F8F08-208C-4F8B-BABB-A2A6CEAA6423}.Release|Any CPU.Build.0 = Release|Any CPU
	EndGlobalSection
	GlobalSection(SolutionProperties) = preSolution
		HideSolutionNode = FALSE
	EndGlobalSection
	GlobalSection(ExtensibilityGlobals) = postSolution
		SolutionGuid = {C6EF0DED-D3EF-4F7F-971B-092AB87928EA}
	EndGlobalSection
EndGlobal
